
Microsoft Visual Studio Solution File, Format Version 12.00
# Visual Studio Version 17
VisualStudioVersion = 17.14.36717.8 d17.14
MinimumVisualStudioVersion = 10.0.40219.1
Project("{FAE04EC0-301F-11D3-BF4B-00C04F79EFBC}") = "KcpSharpN", "KcpSharpN\KcpSharpN.csproj", "{1AA90A27-A045-47CD-849D-3D9301D77294}"
EndProject
Global
	GlobalSection(SolutionConfigurationPlatforms) = preSolution
		Debug|Any CPU = Debug|Any CPU
		Release|Any CPU = Release|Any CPU
	EndGlobalSection
	GlobalSection(ProjectConfigurationPlatforms) = postSolution
		{1AA90A27-A045-47CD-849D-3D9301D77294}.Debug|Any CPU.ActiveCfg = Debug|Any CPU
		{1AA90A27-A045-47CD-849D-3D9301D77294}.Debug|Any CPU.Build.0 = Debug|Any CPU
		{1AA90A27-A045-47CD-849D-3D9301D77294}.Release|Any CPU.ActiveCfg = Release|Any CPU
		{1AA90A27-A045-47CD-849D-3D9301D77294}.Release|Any CPU.Build.0 = Release|Any CPU
	EndGlobalSection
	GlobalSection(SolutionProperties) = preSolution
		HideSolutionNode = FALSE
	EndGlobalSection
	GlobalSection(ExtensibilityGlobals) = postSolution
		SolutionGuid = {7603A8D6-74C6-4AAB-BF93-0FDDF8FF0179}
	EndGlobalSection
EndGlobal
